
Microsoft Visual Studio Solution File, Format Version 12.00
# Visual Studio Version 17
VisualStudioVersion = 17.5.33502.453
MinimumVisualStudioVersion = 10.0.40219.1
Project("{9A19103F-16F7-4668-BE54-9A1E7A4F7556}") = "PZ_01", "PZ_01\PZ_01.csproj", "{E0F81614-AC3F-4034-876F-B1B2025FF659}"
EndProject
Project("{2150E333-8FDC-42A3-9474-1A3956D46DE8}") = "Solution Items", "Solution Items", "{250B63F3-780F-4FBF-B9DE-9AC4C408D4C6}"
	ProjectSection(SolutionItems) = preProject
		.editorconfig = .editorconfig
	EndProjectSection
EndProject
Project("{9A19103F-16F7-4668-BE54-9A1E7A4F7556}") = "PZ_02", "PZ_02\PZ_02.csproj", "{C7C5398B-184D-4F09-943D-848F90136CC2}"
EndProject
Project("{9A19103F-16F7-4668-BE54-9A1E7A4F7556}") = "PZ_03", "PZ_03\PZ_03.csproj", "{892A4E27-4E81-47FA-9D22-46271E820415}"
EndProject
Project("{9A19103F-16F7-4668-BE54-9A1E7A4F7556}") = "PZ_04", "PZ_04\PZ_04.csproj", "{199BC98D-1B14-4295-9C99-E39AE596EB84}"
EndProject
Project("{9A19103F-16F7-4668-BE54-9A1E7A4F7556}") = "PZ_05", "PZ_05\PZ_05.csproj", "{284D840B-1AAF-47D8-83D5-2882CD2BD664}"
EndProject
Project("{9A19103F-16F7-4668-BE54-9A1E7A4F7556}") = "PZ_06", "PZ_06\PZ_06.csproj", "{3B2F0C72-4A3F-40C6-9D50-0750BA97290B}"
EndProject
Project("{9A19103F-16F7-4668-BE54-9A1E7A4F7556}") = "PZ_07", "PZ_07\PZ_07.csproj", "{38E9203B-02C9-4503-A93F-F67012970B85}"
EndProject
Project("{9A19103F-16F7-4668-BE54-9A1E7A4F7556}") = "PZ_08", "PZ_08\PZ_08.csproj", "{3877C61A-21A9-4AC1-BC14-C5CDE2114E4F}"
EndProject
Project("{FAE04EC0-301F-11D3-BF4B-00C04F79EFBC}") = "PZ_09", "PZ_09\PZ_09.csproj", "{D1E1599E-CA84-4C29-BFBE-B094DF62F807}"
EndProject
Project("{FAE04EC0-301F-11D3-BF4B-00C04F79EFBC}") = "PZ_10", "PZ_10\PZ_10.csproj", "{87913D0B-FD39-4B87-A6E5-99CEAEEDE4F5}"
EndProject
Project("{FAE04EC0-301F-11D3-BF4B-00C04F79EFBC}") = "PZ_11", "PZ_11\PZ_11.csproj", "{6FA166B7-8007-48E0-AEC6-F285C6B1F31F}"
EndProject
Project("{FAE04EC0-301F-11D3-BF4B-00C04F79EFBC}") = "PZ_12", "PZ_12\PZ_12.csproj", "{808E0956-70C8-403B-9AD6-601CD33833AC}"
EndProject
Global
	GlobalSection(SolutionConfigurationPlatforms) = preSolution
		Debug|Any CPU = Debug|Any CPU
		Release|Any CPU = Release|Any CPU
	EndGlobalSection
	GlobalSection(ProjectConfigurationPlatforms) = postSolution
		{E0F81614-AC3F-4034-876F-B1B2025FF659}.Debug|Any CPU.ActiveCfg = Debug|Any CPU
		{E0F81614-AC3F-4034-876F-B1B2025FF659}.Debug|Any CPU.Build.0 = Debug|Any CPU
		{E0F81614-AC3F-4034-876F-B1B2025FF659}.Release|Any CPU.ActiveCfg = Release|Any CPU
		{E0F81614-AC3F-4034-876F-B1B2025FF659}.Release|Any CPU.Build.0 = Release|Any CPU
		{C7C5398B-184D-4F09-943D-848F90136CC2}.Debug|Any CPU.ActiveCfg = Debug|Any CPU
		{C7C5398B-184D-4F09-943D-848F90136CC2}.Debug|Any CPU.Build.0 = Debug|Any CPU
		{C7C5398B-184D-4F09-943D-848F90136CC2}.Release|Any CPU.ActiveCfg = Release|Any CPU
		{C7C5398B-184D-4F09-943D-848F90136CC2}.Release|Any CPU.Build.0 = Release|Any CPU
		{892A4E27-4E81-47FA-9D22-46271E820415}.Debug|Any CPU.ActiveCfg = Debug|Any CPU
		{892A4E27-4E81-47FA-9D22-46271E820415}.Debug|Any CPU.Build.0 = Debug|Any CPU
		{892A4E27-4E81-47FA-9D22-46271E820415}.Release|Any CPU.ActiveCfg = Release|Any CPU
		{892A4E27-4E81-47FA-9D22-46271E820415}.Release|Any CPU.Build.0 = Release|Any CPU
		{199BC98D-1B14-4295-9C99-E39AE596EB84}.Debug|Any CPU.ActiveCfg = Debug|Any CPU
		{199BC98D-1B14-4295-9C99-E39AE596EB84}.Debug|Any CPU.Build.0 = Debug|Any CPU
		{199BC98D-1B14-4295-9C99-E39AE596EB84}.Release|Any CPU.ActiveCfg = Release|Any CPU
		{199BC98D-1B14-4295-9C99-E39AE596EB84}.Release|Any CPU.Build.0 = Release|Any CPU
		{284D840B-1AAF-47D8-83D5-2882CD2BD664}.Debug|Any CPU.ActiveCfg = Debug|Any CPU
		{284D840B-1AAF-47D8-83D5-2882CD2BD664}.Debug|Any CPU.Build.0 = Debug|Any CPU
		{284D840B-1AAF-47D8-83D5-2882CD2BD664}.Release|Any CPU.ActiveCfg = Release|Any CPU
		{284D840B-1AAF-47D8-83D5-2882CD2BD664}.Release|Any CPU.Build.0 = Release|Any CPU
		{3B2F0C72-4A3F-40C6-9D50-0750BA97290B}.Debug|Any CPU.ActiveCfg = Debug|Any CPU
		{3B2F0C72-4A3F-40C6-9D50-0750BA97290B}.Debug|Any CPU.Build.0 = Debug|Any CPU
		{3B2F0C72-4A3F-40C6-9D50-0750BA97290B}.Release|Any CPU.ActiveCfg = Release|Any CPU
		{3B2F0C72-4A3F-40C6-9D50-0750BA97290B}.Release|Any CPU.Build.0 = Release|Any CPU
		{38E9203B-02C9-4503-A93F-F67012970B85}.Debug|Any CPU.ActiveCfg = Debug|Any CPU
		{38E9203B-02C9-4503-A93F-F67012970B85}.Debug|Any CPU.Build.0 = Debug|Any CPU
		{38E9203B-02C9-4503-A93F-F67012970B85}.Release|Any CPU.ActiveCfg = Release|Any CPU
		{38E9203B-02C9-4503-A93F-F67012970B85}.Release|Any CPU.Build.0 = Release|Any CPU
		{3877C61A-21A9-4AC1-BC14-C5CDE2114E4F}.Debug|Any CPU.ActiveCfg = Debug|Any CPU
		{3877C61A-21A9-4AC1-BC14-C5CDE2114E4F}.Debug|Any CPU.Build.0 = Debug|Any CPU
		{3877C61A-21A9-4AC1-BC14-C5CDE2114E4F}.Release|Any CPU.ActiveCfg = Release|Any CPU
		{3877C61A-21A9-4AC1-BC14-C5CDE2114E4F}.Release|Any CPU.Build.0 = Release|Any CPU
		{D1E1599E-CA84-4C29-BFBE-B094DF62F807}.Debug|Any CPU.ActiveCfg = Debug|Any CPU
		{D1E1599E-CA84-4C29-BFBE-B094DF62F807}.Debug|Any CPU.Build.0 = Debug|Any CPU
		{D1E1599E-CA84-4C29-BFBE-B094DF62F807}.Release|Any CPU.ActiveCfg = Release|Any CPU
		{D1E1599E-CA84-4C29-BFBE-B094DF62F807}.Release|Any CPU.Build.0 = Release|Any CPU
		{87913D0B-FD39-4B87-A6E5-99CEAEEDE4F5}.Debug|Any CPU.ActiveCfg = Debug|Any CPU
		{87913D0B-FD39-4B87-A6E5-99CEAEEDE4F5}.Debug|Any CPU.Build.0 = Debug|Any CPU
		{87913D0B-FD39-4B87-A6E5-99CEAEEDE4F5}.Release|Any CPU.ActiveCfg = Release|Any CPU
		{87913D0B-FD39-4B87-A6E5-99CEAEEDE4F5}.Release|Any CPU.Build.0 = Release|Any CPU
		{6FA166B7-8007-48E0-AEC6-F285C6B1F31F}.Debug|Any CPU.ActiveCfg = Debug|Any CPU
		{6FA166B7-8007-48E0-AEC6-F285C6B1F31F}.Debug|Any CPU.Build.0 = Debug|Any CPU
		{6FA166B7-8007-48E0-AEC6-F285C6B1F31F}.Release|Any CPU.ActiveCfg = Release|Any CPU
		{6FA166B7-8007-48E0-AEC6-F285C6B1F31F}.Release|Any CPU.Build.0 = Release|Any CPU
		{808E0956-70C8-403B-9AD6-601CD33833AC}.Debug|Any CPU.ActiveCfg = Debug|Any CPU
		{808E0956-70C8-403B-9AD6-601CD33833AC}.Debug|Any CPU.Build.0 = Debug|Any CPU
		{808E0956-70C8-403B-9AD6-601CD33833AC}.Release|Any CPU.ActiveCfg = Release|Any CPU
		{808E0956-70C8-403B-9AD6-601CD33833AC}.Release|Any CPU.Build.0 = Release|Any CPU
	EndGlobalSection
	GlobalSection(SolutionProperties) = preSolution
		HideSolutionNode = FALSE
	EndGlobalSection
	GlobalSection(ExtensibilityGlobals) = postSolution
		SolutionGuid = {5EFF4D32-5115-404D-B1A0-F13A1A428A24}
	EndGlobalSection
EndGlobal
